// !$*UTF8*$!
{
	archiveVersion = 1;
	classes = {
	};
	objectVersion = 50;
	objects = {

/* Begin PBXBuildFile section */
		699F00B9219BE6F300B265E7 /* AppDelegate.swift in Sources */ = {isa = PBXBuildFile; fileRef = 699F00B8219BE6F300B265E7 /* AppDelegate.swift */; };
		699F00BB219BE6F300B265E7 /* ViewController.swift in Sources */ = {isa = PBXBuildFile; fileRef = 699F00BA219BE6F300B265E7 /* ViewController.swift */; };
		699F00BE219BE6F300B265E7 /* Main.storyboard in Resources */ = {isa = PBXBuildFile; fileRef = 699F00BC219BE6F300B265E7 /* Main.storyboard */; };
		699F00C0219BE6F700B265E7 /* Assets.xcassets in Resources */ = {isa = PBXBuildFile; fileRef = 699F00BF219BE6F700B265E7 /* Assets.xcassets */; };
		699F00C3219BE6F700B265E7 /* LaunchScreen.storyboard in Resources */ = {isa = PBXBuildFile; fileRef = 699F00C1219BE6F700B265E7 /* LaunchScreen.storyboard */; };
		699F00CE219BE6F700B265E7 /* PhotoShareTests.swift in Sources */ = {isa = PBXBuildFile; fileRef = 699F00CD219BE6F700B265E7 /* PhotoShareTests.swift */; };
		699F00D9219BE6F700B265E7 /* PhotoShareUITests.swift in Sources */ = {isa = PBXBuildFile; fileRef = 699F00D8219BE6F700B265E7 /* PhotoShareUITests.swift */; };
/* End PBXBuildFile section */

/* Begin PBXContainerItemProxy section */
		699F00CA219BE6F700B265E7 /* PBXContainerItemProxy */ = {
			isa = PBXContainerItemProxy;
			containerPortal = 699F00AD219BE6F300B265E7 /* Project object */;
			proxyType = 1;
			remoteGlobalIDString = 699F00B4219BE6F300B265E7;
			remoteInfo = PhotoShare;
		};
		699F00D5219BE6F700B265E7 /* PBXContainerItemProxy */ = {
			isa = PBXContainerItemProxy;
			containerPortal = 699F00AD219BE6F300B265E7 /* Project object */;
			proxyType = 1;
			remoteGlobalIDString = 699F00B4219BE6F300B265E7;
			remoteInfo = PhotoShare;
		};
/* End PBXContainerItemProxy section */

/* Begin PBXFileReference section */
		699F00B5219BE6F300B265E7 /* PhotoShare.app */ = {isa = PBXFileReference; explicitFileType = wrapper.application; includeInIndex = 0; path = PhotoShare.app; sourceTree = BUILT_PRODUCTS_DIR; };
		699F00B8219BE6F300B265E7 /* AppDelegate.swift */ = {isa = PBXFileReference; lastKnownFileType = sourcecode.swift; path = AppDelegate.swift; sourceTree = "<group>"; };
		699F00BA219BE6F300B265E7 /* ViewController.swift */ = {isa = PBXFileReference; lastKnownFileType = sourcecode.swift; path = ViewController.swift; sourceTree = "<group>"; };
		699F00BD219BE6F300B265E7 /* Base */ = {isa = PBXFileReference; lastKnownFileType = file.storyboard; name = Base; path = Base.lproj/Main.storyboard; sourceTree = "<group>"; };
		699F00BF219BE6F700B265E7 /* Assets.xcassets */ = {isa = PBXFileReference; lastKnownFileType = folder.assetcatalog; path = Assets.xcassets; sourceTree = "<group>"; };
		699F00C2219BE6F700B265E7 /* Base */ = {isa = PBXFileReference; lastKnownFileType = file.storyboard; name = Base; path = Base.lproj/LaunchScreen.storyboard; sourceTree = "<group>"; };
		699F00C4219BE6F700B265E7 /* Info.plist */ = {isa = PBXFileReference; lastKnownFileType = text.plist.xml; path = Info.plist; sourceTree = "<group>"; };
		699F00C9219BE6F700B265E7 /* PhotoShareTests.xctest */ = {isa = PBXFileReference; explicitFileType = wrapper.cfbundle; includeInIndex = 0; path = PhotoShareTests.xctest; sourceTree = BUILT_PRODUCTS_DIR; };
		699F00CD219BE6F700B265E7 /* PhotoShareTests.swift */ = {isa = PBXFileReference; lastKnownFileType = sourcecode.swift; path = PhotoShareTests.swift; sourceTree = "<group>"; };
		699F00CF219BE6F700B265E7 /* Info.plist */ = {isa = PBXFileReference; lastKnownFileType = text.plist.xml; path = Info.plist; sourceTree = "<group>"; };
		699F00D4219BE6F700B265E7 /* PhotoShareUITests.xctest */ = {isa = PBXFileReference; explicitFileType = wrapper.cfbundle; includeInIndex = 0; path = PhotoShareUITests.xctest; sourceTree = BUILT_PRODUCTS_DIR; };
		699F00D8219BE6F700B265E7 /* PhotoShareUITests.swift */ = {isa = PBXFileReference; lastKnownFileType = sourcecode.swift; path = PhotoShareUITests.swift; sourceTree = "<group>"; };
		699F00DA219BE6F700B265E7 /* Info.plist */ = {isa = PBXFileReference; lastKnownFileType = text.plist.xml; path = Info.plist; sourceTree = "<group>"; };
/* End PBXFileReference section */

/* Begin PBXFrameworksBuildPhase section */
		699F00B2219BE6F300B265E7 /* Frameworks */ = {
			isa = PBXFrameworksBuildPhase;
			buildActionMask = 2147483647;
			files = (
			);
			runOnlyForDeploymentPostprocessing = 0;
		};
		699F00C6219BE6F700B265E7 /* Frameworks */ = {
			isa = PBXFrameworksBuildPhase;
			buildActionMask = 2147483647;
			files = (
			);
			runOnlyForDeploymentPostprocessing = 0;
		};
		699F00D1219BE6F700B265E7 /* Frameworks */ = {
			isa = PBXFrameworksBuildPhase;
			buildActionMask = 2147483647;
			files = (
			);
			runOnlyForDeploymentPostprocessing = 0;
		};
/* End PBXFrameworksBuildPhase section */

/* Begin PBXGroup section */
		699F00AC219BE6F300B265E7 = {
			isa = PBXGroup;
			children = (
				699F00B7219BE6F300B265E7 /* PhotoShare */,
				699F00CC219BE6F700B265E7 /* PhotoShareTests */,
				699F00D7219BE6F700B265E7 /* PhotoShareUITests */,
				699F00B6219BE6F300B265E7 /* Products */,
			);
			sourceTree = "<group>";
		};
		699F00B6219BE6F300B265E7 /* Products */ = {
			isa = PBXGroup;
			children = (
				699F00B5219BE6F300B265E7 /* PhotoShare.app */,
				699F00C9219BE6F700B265E7 /* PhotoShareTests.xctest */,
				699F00D4219BE6F700B265E7 /* PhotoShareUITests.xctest */,
			);
			name = Products;
			sourceTree = "<group>";
		};
		699F00B7219BE6F300B265E7 /* PhotoShare */ = {
			isa = PBXGroup;
			children = (
				699F00B8219BE6F300B265E7 /* AppDelegate.swift */,
				699F00BA219BE6F300B265E7 /* ViewController.swift */,
				699F00BC219BE6F300B265E7 /* Main.storyboard */,
				699F00BF219BE6F700B265E7 /* Assets.xcassets */,
				699F00C1219BE6F700B265E7 /* LaunchScreen.storyboard */,
				699F00C4219BE6F700B265E7 /* Info.plist */,
			);
			path = PhotoShare;
			sourceTree = "<group>";
		};
		699F00CC219BE6F700B265E7 /* PhotoShareTests */ = {
			isa = PBXGroup;
			children = (
				699F00CD219BE6F700B265E7 /* PhotoShareTests.swift */,
				699F00CF219BE6F700B265E7 /* Info.plist */,
			);
			path = PhotoShareTests;
			sourceTree = "<group>";
		};
		699F00D7219BE6F700B265E7 /* PhotoShareUITests */ = {
			isa = PBXGroup;
			children = (
				699F00D8219BE6F700B265E7 /* PhotoShareUITests.swift */,
				699F00DA219BE6F700B265E7 /* Info.plist */,
			);
			path = PhotoShareUITests;
			sourceTree = "<group>";
		};
/* End PBXGroup section */

/* Begin PBXNativeTarget section */
		699F00B4219BE6F300B265E7 /* PhotoShare */ = {
			isa = PBXNativeTarget;
			buildConfigurationList = 699F00DD219BE6F700B265E7 /* Build configuration list for PBXNativeTarget "PhotoShare" */;
			buildPhases = (
				699F00B1219BE6F300B265E7 /* Sources */,
				699F00B2219BE6F300B265E7 /* Frameworks */,
				699F00B3219BE6F300B265E7 /* Resources */,
			);
			buildRules = (
			);
			dependencies = (
			);
			name = PhotoShare;
			productName = PhotoShare;
			productReference = 699F00B5219BE6F300B265E7 /* PhotoShare.app */;
			productType = "com.apple.product-type.application";
		};
		699F00C8219BE6F700B265E7 /* PhotoShareTests */ = {
			isa = PBXNativeTarget;
			buildConfigurationList = 699F00E0219BE6F700B265E7 /* Build configuration list for PBXNativeTarget "PhotoShareTests" */;
			buildPhases = (
				699F00C5219BE6F700B265E7 /* Sources */,
				699F00C6219BE6F700B265E7 /* Frameworks */,
				699F00C7219BE6F700B265E7 /* Resources */,
			);
			buildRules = (
			);
			dependencies = (
				699F00CB219BE6F700B265E7 /* PBXTargetDependency */,
			);
			name = PhotoShareTests;
			productName = PhotoShareTests;
			productReference = 699F00C9219BE6F700B265E7 /* PhotoShareTests.xctest */;
			productType = "com.apple.product-type.bundle.unit-test";
		};
		699F00D3219BE6F700B265E7 /* PhotoShareUITests */ = {
			isa = PBXNativeTarget;
			buildConfigurationList = 699F00E3219BE6F700B265E7 /* Build configuration list for PBXNativeTarget "PhotoShareUITests" */;
			buildPhases = (
				699F00D0219BE6F700B265E7 /* Sources */,
				699F00D1219BE6F700B265E7 /* Frameworks */,
				699F00D2219BE6F700B265E7 /* Resources */,
			);
			buildRules = (
			);
			dependencies = (
				699F00D6219BE6F700B265E7 /* PBXTargetDependency */,
			);
			name = PhotoShareUITests;
			productName = PhotoShareUITests;
			productReference = 699F00D4219BE6F700B265E7 /* PhotoShareUITests.xctest */;
			productType = "com.apple.product-type.bundle.ui-testing";
		};
/* End PBXNativeTarget section */

/* Begin PBXProject section */
		699F00AD219BE6F300B265E7 /* Project object */ = {
			isa = PBXProject;
			attributes = {
				LastSwiftUpdateCheck = 1000;
				LastUpgradeCheck = 1000;
				ORGANIZATIONNAME = "Md. Shahadet Hossain";
				TargetAttributes = {
					699F00B4219BE6F300B265E7 = {
						CreatedOnToolsVersion = 10.0;
					};
					699F00C8219BE6F700B265E7 = {
						CreatedOnToolsVersion = 10.0;
						TestTargetID = 699F00B4219BE6F300B265E7;
					};
					699F00D3219BE6F700B265E7 = {
						CreatedOnToolsVersion = 10.0;
						TestTargetID = 699F00B4219BE6F300B265E7;
					};
				};
			};
			buildConfigurationList = 699F00B0219BE6F300B265E7 /* Build configuration list for PBXProject "PhotoShare" */;
			compatibilityVersion = "Xcode 9.3";
			developmentRegion = en;
			hasScannedForEncodings = 0;
			knownRegions = (
				en,
				Base,
			);
			mainGroup = 699F00AC219BE6F300B265E7;
			productRefGroup = 699F00B6219BE6F300B265E7 /* Products */;
			projectDirPath = "";
			projectRoot = "";
			targets = (
				699F00B4219BE6F300B265E7 /* PhotoShare */,
				699F00C8219BE6F700B265E7 /* PhotoShareTests */,
				699F00D3219BE6F700B265E7 /* PhotoShareUITests */,
			);
		};
/* End PBXProject section */

/* Begin PBXResourcesBuildPhase section */
		699F00B3219BE6F300B265E7 /* Resources */ = {
			isa = PBXResourcesBuildPhase;
			buildActionMask = 2147483647;
			files = (
				699F00C3219BE6F700B265E7 /* LaunchScreen.storyboard in Resources */,
				699F00C0219BE6F700B265E7 /* Assets.xcassets in Resources */,
				699F00BE219BE6F300B265E7 /* Main.storyboard in Resources */,
			);
			runOnlyForDeploymentPostprocessing = 0;
		};
		699F00C7219BE6F700B265E7 /* Resources */ = {
			isa = PBXResourcesBuildPhase;
			buildActionMask = 2147483647;
			files = (
			);
			runOnlyForDeploymentPostprocessing = 0;
		};
		699F00D2219BE6F700B265E7 /* Resources */ = {
			isa = PBXResourcesBuildPhase;
			buildActionMask = 2147483647;
			files = (
			);
			runOnlyForDeploymentPostprocessing = 0;
		};
/* End PBXResourcesBuildPhase section */

/* Begin PBXSourcesBuildPhase section */
		699F00B1219BE6F300B265E7 /* Sources */ = {
			isa = PBXSourcesBuildPhase;
			buildActionMask = 2147483647;
			files = (
				699F00BB219BE6F300B265E7 /* ViewController.swift in Sources */,
				699F00B9219BE6F300B265E7 /* AppDelegate.swift in Sources */,
			);
			runOnlyForDeploymentPostprocessing = 0;
		};
		699F00C5219BE6F700B265E7 /* Sources */ = {
			isa = PBXSourcesBuildPhase;
			buildActionMask = 2147483647;
			files = (
				699F00CE219BE6F700B265E7 /* PhotoShareTests.swift in Sources */,
			);
			runOnlyForDeploymentPostprocessing = 0;
		};
		699F00D0219BE6F700B265E7 /* Sources */ = {
			isa = PBXSourcesBuildPhase;
			buildActionMask = 2147483647;
			files = (
				699F00D9219BE6F700B265E7 /* PhotoShareUITests.swift in Sources */,
			);
			runOnlyForDeploymentPostprocessing = 0;
		};
/* End PBXSourcesBuildPhase section */

/* Begin PBXTargetDependency section */
		699F00CB219BE6F700B265E7 /* PBXTargetDependency */ = {
			isa = PBXTargetDependency;
			target = 699F00B4219BE6F300B265E7 /* PhotoShare */;
			targetProxy = 699F00CA219BE6F700B265E7 /* PBXContainerItemProxy */;
		};
		699F00D6219BE6F700B265E7 /* PBXTargetDependency */ = {
			isa = PBXTargetDependency;
			target = 699F00B4219BE6F300B265E7 /* PhotoShare */;
			targetProxy = 699F00D5219BE6F700B265E7 /* PBXContainerItemProxy */;
		};
/* End PBXTargetDependency section */

/* Begin PBXVariantGroup section */
		699F00BC219BE6F300B265E7 /* Main.storyboard */ = {
			isa = PBXVariantGroup;
			children = (
				699F00BD219BE6F300B265E7 /* Base */,
			);
			name = Main.storyboard;
			sourceTree = "<group>";
		};
		699F00C1219BE6F700B265E7 /* LaunchScreen.storyboard */ = {
			isa = PBXVariantGroup;
			children = (
				699F00C2219BE6F700B265E7 /* Base */,
			);
			name = LaunchScreen.storyboard;
			sourceTree = "<group>";
		};
/* End PBXVariantGroup section */

/* Begin XCBuildConfiguration section */
		699F00DB219BE6F700B265E7 /* Debug */ = {
			isa = XCBuildConfiguration;
			buildSettings = {
				ALWAYS_SEARCH_USER_PATHS = NO;
				CLANG_ANALYZER_NONNULL = YES;
				CLANG_ANALYZER_NUMBER_OBJECT_CONVERSION = YES_AGGRESSIVE;
				CLANG_CXX_LANGUAGE_STANDARD = "gnu++14";
				CLANG_CXX_LIBRARY = "libc++";
				CLANG_ENABLE_MODULES = YES;
				CLANG_ENABLE_OBJC_ARC = YES;
				CLANG_ENABLE_OBJC_WEAK = YES;
				CLANG_WARN_BLOCK_CAPTURE_AUTORELEASING = YES;
				CLANG_WARN_BOOL_CONVERSION = YES;
				CLANG_WARN_COMMA = YES;
				CLANG_WARN_CONSTANT_CONVERSION = YES;
				CLANG_WARN_DEPRECATED_OBJC_IMPLEMENTATIONS = YES;
				CLANG_WARN_DIRECT_OBJC_ISA_USAGE = YES_ERROR;
				CLANG_WARN_DOCUMENTATION_COMMENTS = YES;
				CLANG_WARN_EMPTY_BODY = YES;
				CLANG_WARN_ENUM_CONVERSION = YES;
				CLANG_WARN_INFINITE_RECURSION = YES;
				CLANG_WARN_INT_CONVERSION = YES;
				CLANG_WARN_NON_LITERAL_NULL_CONVERSION = YES;
				CLANG_WARN_OBJC_IMPLICIT_RETAIN_SELF = YES;
				CLANG_WARN_OBJC_LITERAL_CONVERSION = YES;
				CLANG_WARN_OBJC_ROOT_CLASS = YES_ERROR;
				CLANG_WARN_RANGE_LOOP_ANALYSIS = YES;
				CLANG_WARN_STRICT_PROTOTYPES = YES;
				CLANG_WARN_SUSPICIOUS_MOVE = YES;
				CLANG_WARN_UNGUARDED_AVAILABILITY = YES_AGGRESSIVE;
				CLANG_WARN_UNREACHABLE_CODE = YES;
				CLANG_WARN__DUPLICATE_METHOD_MATCH = YES;
				CODE_SIGN_IDENTITY = "iPhone Developer";
				COPY_PHASE_STRIP = NO;
				DEBUG_INFORMATION_FORMAT = dwarf;
				ENABLE_STRICT_OBJC_MSGSEND = YES;
				ENABLE_TESTABILITY = YES;
				GCC_C_LANGUAGE_STANDARD = gnu11;
				GCC_DYNAMIC_NO_PIC = NO;
				GCC_NO_COMMON_BLOCKS = YES;
				GCC_OPTIMIZATION_LEVEL = 0;
				GCC_PREPROCESSOR_DEFINITIONS = (
					"DEBUG=1",
					"$(inherited)",
				);
				GCC_WARN_64_TO_32_BIT_CONVERSION = YES;
				GCC_WARN_ABOUT_RETURN_TYPE = YES_ERROR;
				GCC_WARN_UNDECLARED_SELECTOR = YES;
				GCC_WARN_UNINITIALIZED_AUTOS = YES_AGGRESSIVE;
				GCC_WARN_UNUSED_FUNCTION = YES;
				GCC_WARN_UNUSED_VARIABLE = YES;
				IPHONEOS_DEPLOYMENT_TARGET = 12.0;
				MTL_ENABLE_DEBUG_INFO = INCLUDE_SOURCE;
				MTL_FAST_MATH = YES;
				ONLY_ACTIVE_ARCH = YES;
				SDKROOT = iphoneos;
				SWIFT_ACTIVE_COMPILATION_CONDITIONS = DEBUG;
				SWIFT_OPTIMIZATION_LEVEL = "-Onone";
			};
			name = Debug;
		};
		699F00DC219BE6F700B265E7 /* Release */ = {
			isa = XCBuildConfiguration;
			buildSettings = {
				ALWAYS_SEARCH_USER_PATHS = NO;
				CLANG_ANALYZER_NONNULL = YES;
				CLANG_ANALYZER_NUMBER_OBJECT_CONVERSION = YES_AGGRESSIVE;
				CLANG_CXX_LANGUAGE_STANDARD = "gnu++14";
				CLANG_CXX_LIBRARY = "libc++";
				CLANG_ENABLE_MODULES = YES;
				CLANG_ENABLE_OBJC_ARC = YES;
				CLANG_ENABLE_OBJC_WEAK = YES;
				CLANG_WARN_BLOCK_CAPTURE_AUTORELEASING = YES;
				CLANG_WARN_BOOL_CONVERSION = YES;
				CLANG_WARN_COMMA = YES;
				CLANG_WARN_CONSTANT_CONVERSION = YES;
				CLANG_WARN_DEPRECATED_OBJC_IMPLEMENTATIONS = YES;
				CLANG_WARN_DIRECT_OBJC_ISA_USAGE = YES_ERROR;
				CLANG_WARN_DOCUMENTATION_COMMENTS = YES;
				CLANG_WARN_EMPTY_BODY = YES;
				CLANG_WARN_ENUM_CONVERSION = YES;
				CLANG_WARN_INFINITE_RECURSION = YES;
				CLANG_WARN_INT_CONVERSION = YES;
				CLANG_WARN_NON_LITERAL_NULL_CONVERSION = YES;
				CLANG_WARN_OBJC_IMPLICIT_RETAIN_SELF = YES;
				CLANG_WARN_OBJC_LITERAL_CONVERSION = YES;
				CLANG_WARN_OBJC_ROOT_CLASS = YES_ERROR;
				CLANG_WARN_RANGE_LOOP_ANALYSIS = YES;
				CLANG_WARN_STRICT_PROTOTYPES = YES;
				CLANG_WARN_SUSPICIOUS_MOVE = YES;
				CLANG_WARN_UNGUARDED_AVAILABILITY = YES_AGGRESSIVE;
				CLANG_WARN_UNREACHABLE_CODE = YES;
				CLANG_WARN__DUPLICATE_METHOD_MATCH = YES;
				CODE_SIGN_IDENTITY = "iPhone Developer";
				COPY_PHASE_STRIP = NO;
				DEBUG_INFORMATION_FORMAT = "dwarf-with-dsym";
				ENABLE_NS_ASSERTIONS = NO;
				ENABLE_STRICT_OBJC_MSGSEND = YES;
				GCC_C_LANGUAGE_STANDARD = gnu11;
				GCC_NO_COMMON_BLOCKS = YES;
				GCC_WARN_64_TO_32_BIT_CONVERSION = YES;
				GCC_WARN_ABOUT_RETURN_TYPE = YES_ERROR;
				GCC_WARN_UNDECLARED_SELECTOR = YES;
				GCC_WARN_UNINITIALIZED_AUTOS = YES_AGGRESSIVE;
				GCC_WARN_UNUSED_FUNCTION = YES;
				GCC_WARN_UNUSED_VARIABLE = YES;
				IPHONEOS_DEPLOYMENT_TARGET = 12.0;
				MTL_ENABLE_DEBUG_INFO = NO;
				MTL_FAST_MATH = YES;
				SDKROOT = iphoneos;
				SWIFT_COMPILATION_MODE = wholemodule;
				SWIFT_OPTIMIZATION_LEVEL = "-O";
				VALIDATE_PRODUCT = YES;
			};
			name = Release;
		};
		699F00DE219BE6F700B265E7 /* Debug */ = {
			isa = XCBuildConfiguration;
			buildSettings = {
				ASSETCATALOG_COMPILER_APPICON_NAME = AppIcon;
				CODE_SIGN_STYLE = Automatic;
				DEVELOPMENT_TEAM = 6X5B26J782;
				INFOPLIST_FILE = PhotoShare/Info.plist;
				LD_RUNPATH_SEARCH_PATHS = (
					"$(inherited)",
					"@executable_path/Frameworks",
				);
				PRODUCT_BUNDLE_IDENTIFIER = com.dsi.PhotoShare;
				PRODUCT_NAME = "$(TARGET_NAME)";
				SWIFT_VERSION = 4.2;
				TARGETED_DEVICE_FAMILY = "1,2";
			};
			name = Debug;
		};
		699F00DF219BE6F700B265E7 /* Release */ = {
			isa = XCBuildConfiguration;
			buildSettings = {
				ASSETCATALOG_COMPILER_APPICON_NAME = AppIcon;
				CODE_SIGN_STYLE = Automatic;
				DEVELOPMENT_TEAM = 6X5B26J782;
				INFOPLIST_FILE = PhotoShare/Info.plist;
				LD_RUNPATH_SEARCH_PATHS = (
					"$(inherited)",
					"@executable_path/Frameworks",
				);
				PRODUCT_BUNDLE_IDENTIFIER = com.dsi.PhotoShare;
				PRODUCT_NAME = "$(TARGET_NAME)";
				SWIFT_VERSION = 4.2;
				TARGETED_DEVICE_FAMILY = "1,2";
			};
			name = Release;
		};
		699F00E1219BE6F700B265E7 /* Debug */ = {
			isa = XCBuildConfiguration;
			buildSettings = {
				ALWAYS_EMBED_SWIFT_STANDARD_LIBRARIES = YES;
				BUNDLE_LOADER = "$(TEST_HOST)";
				CODE_SIGN_STYLE = Automatic;
				DEVELOPMENT_TEAM = 6X5B26J782;
				INFOPLIST_FILE = PhotoShareTests/Info.plist;
				LD_RUNPATH_SEARCH_PATHS = (
					"$(inherited)",
					"@executable_path/Frameworks",
					"@loader_path/Frameworks",
				);
				PRODUCT_BUNDLE_IDENTIFIER = com.dsi.PhotoShareTests;
				PRODUCT_NAME = "$(TARGET_NAME)";
				SWIFT_VERSION = 4.2;
				TARGETED_DEVICE_FAMILY = "1,2";
				TEST_HOST = "$(BUILT_PRODUCTS_DIR)/PhotoShare.app/PhotoShare";
			};
			name = Debug;
		};
		699F00E2219BE6F700B265E7 /* Release */ = {
			isa = XCBuildConfiguration;
			buildSettings = {
				ALWAYS_EMBED_SWIFT_STANDARD_LIBRARIES = YES;
				BUNDLE_LOADER = "$(TEST_HOST)";
				CODE_SIGN_STYLE = Automatic;
				DEVELOPMENT_TEAM = 6X5B26J782;
				INFOPLIST_FILE = PhotoShareTests/Info.plist;
				LD_RUNPATH_SEARCH_PATHS = (
					"$(inherited)",
					"@executable_path/Frameworks",
					"@loader_path/Frameworks",
				);
				PRODUCT_BUNDLE_IDENTIFIER = com.dsi.PhotoShareTests;
				PRODUCT_NAME = "$(TARGET_NAME)";
				SWIFT_VERSION = 4.2;
				TARGETED_DEVICE_FAMILY = "1,2";
				TEST_HOST = "$(BUILT_PRODUCTS_DIR)/PhotoShare.app/PhotoShare";
			};
			name = Release;
		};
		699F00E4219BE6F700B265E7 /* Debug */ = {
			isa = XCBuildConfiguration;
			buildSettings = {
				ALWAYS_EMBED_SWIFT_STANDARD_LIBRARIES = YES;
				CODE_SIGN_STYLE = Automatic;
				DEVELOPMENT_TEAM = 6X5B26J782;
				INFOPLIST_FILE = PhotoShareUITests/Info.plist;
				LD_RUNPATH_SEARCH_PATHS = (
					"$(inherited)",
					"@executable_path/Frameworks",
					"@loader_path/Frameworks",
				);
				PRODUCT_BUNDLE_IDENTIFIER = com.dsi.PhotoShareUITests;
				PRODUCT_NAME = "$(TARGET_NAME)";
				SWIFT_VERSION = 4.2;
				TARGETED_DEVICE_FAMILY = "1,2";
				TEST_TARGET_NAME = PhotoShare;
			};
			name = Debug;
		};
		699F00E5219BE6F700B265E7 /* Release */ = {
			isa = XCBuildConfiguration;
			buildSettings = {
				ALWAYS_EMBED_SWIFT_STANDARD_LIBRARIES = YES;
				CODE_SIGN_STYLE = Automatic;
				DEVELOPMENT_TEAM = 6X5B26J782;
				INFOPLIST_FILE = PhotoShareUITests/Info.plist;
				LD_RUNPATH_SEARCH_PATHS = (
					"$(inherited)",
					"@executable_path/Frameworks",
					"@loader_path/Frameworks",
				);
				PRODUCT_BUNDLE_IDENTIFIER = com.dsi.PhotoShareUITests;
				PRODUCT_NAME = "$(TARGET_NAME)";
				SWIFT_VERSION = 4.2;
				TARGETED_DEVICE_FAMILY = "1,2";
				TEST_TARGET_NAME = PhotoShare;
			};
			name = Release;
		};
/* End XCBuildConfiguration section */

/* Begin XCConfigurationList section */
		699F00B0219BE6F300B265E7 /* Build configuration list for PBXProject "PhotoShare" */ = {
			isa = XCConfigurationList;
			buildConfigurations = (
				699F00DB219BE6F700B265E7 /* Debug */,
				699F00DC219BE6F700B265E7 /* Release */,
			);
			defaultConfigurationIsVisible = 0;
			defaultConfigurationName = Release;
		};
		699F00DD219BE6F700B265E7 /* Build configuration list for PBXNativeTarget "PhotoShare" */ = {
			isa = XCConfigurationList;
			buildConfigurations = (
				699F00DE219BE6F700B265E7 /* Debug */,
				699F00DF219BE6F700B265E7 /* Release */,
			);
			defaultConfigurationIsVisible = 0;
			defaultConfigurationName = Release;
		};
		699F00E0219BE6F700B265E7 /* Build configuration list for PBXNativeTarget "PhotoShareTests" */ = {
			isa = XCConfigurationList;
			buildConfigurations = (
				699F00E1219BE6F700B265E7 /* Debug */,
				699F00E2219BE6F700B265E7 /* Release */,
			);
			defaultConfigurationIsVisible = 0;
			defaultConfigurationName = Release;
		};
		699F00E3219BE6F700B265E7 /* Build configuration list for PBXNativeTarget "PhotoShareUITests" */ = {
			isa = XCConfigurationList;
			buildConfigurations = (
				699F00E4219BE6F700B265E7 /* Debug */,
				699F00E5219BE6F700B265E7 /* Release */,
			);
			defaultConfigurationIsVisible = 0;
			defaultConfigurationName = Release;
		};
/* End XCConfigurationList section */
	};
	rootObject = 699F00AD219BE6F300B265E7 /* Project object */;
}
